// !$*UTF8*$!
{
	archiveVersion = 1;
	classes = {
	};
	objectVersion = 46;
	objects = {

/* Begin PBXBuildFile section */
		FE13652F1EC46B2200D24023 /* AppDelegate.swift in Sources */ = {isa = PBXBuildFile; fileRef = FE13652E1EC46B2200D24023 /* AppDelegate.swift */; };
		FE1365311EC46B2200D24023 /* ViewController.swift in Sources */ = {isa = PBXBuildFile; fileRef = FE1365301EC46B2200D24023 /* ViewController.swift */; };
		FE1365341EC46B2200D24023 /* Main.storyboard in Resources */ = {isa = PBXBuildFile; fileRef = FE1365321EC46B2200D24023 /* Main.storyboard */; };
		FE1365361EC46B2200D24023 /* Assets.xcassets in Resources */ = {isa = PBXBuildFile; fileRef = FE1365351EC46B2200D24023 /* Assets.xcassets */; };
		FE1365391EC46B2200D24023 /* LaunchScreen.storyboard in Resources */ = {isa = PBXBuildFile; fileRef = FE1365371EC46B2200D24023 /* LaunchScreen.storyboard */; };
/* End PBXBuildFile section */

/* Begin PBXFileReference section */
		FE13652B1EC46B2200D24023 /* DestroyTheWorld!.app */ = {isa = PBXFileReference; explicitFileType = wrapper.application; includeInIndex = 0; path = "DestroyTheWorld!.app"; sourceTree = BUILT_PRODUCTS_DIR; };
		FE13652E1EC46B2200D24023 /* AppDelegate.swift */ = {isa = PBXFileReference; lastKnownFileType = sourcecode.swift; path = AppDelegate.swift; sourceTree = "<group>"; };
		FE1365301EC46B2200D24023 /* ViewController.swift */ = {isa = PBXFileReference; lastKnownFileType = sourcecode.swift; path = ViewController.swift; sourceTree = "<group>"; };
		FE1365331EC46B2200D24023 /* Base */ = {isa = PBXFileReference; lastKnownFileType = file.storyboard; name = Base; path = Base.lproj/Main.storyboard; sourceTree = "<group>"; };
		FE1365351EC46B2200D24023 /* Assets.xcassets */ = {isa = PBXFileReference; lastKnownFileType = folder.assetcatalog; path = Assets.xcassets; sourceTree = "<group>"; };
		FE1365381EC46B2200D24023 /* Base */ = {isa = PBXFileReference; lastKnownFileType = file.storyboard; name = Base; path = Base.lproj/LaunchScreen.storyboard; sourceTree = "<group>"; };
		FE13653A1EC46B2200D24023 /* Info.plist */ = {isa = PBXFileReference; lastKnownFileType = text.plist.xml; path = Info.plist; sourceTree = "<group>"; };
/* End PBXFileReference section */

/* Begin PBXFrameworksBuildPhase section */
		FE1365281EC46B2200D24023 /* Frameworks */ = {
			isa = PBXFrameworksBuildPhase;
			buildActionMask = 2147483647;
			files = (
			);
			runOnlyForDeploymentPostprocessing = 0;
		};
/* End PBXFrameworksBuildPhase section */

/* Begin PBXGroup section */
		FE1365221EC46B2200D24023 = {
			isa = PBXGroup;
			children = (
				FE13652D1EC46B2200D24023 /* DestroyTheWorld! */,
				FE13652C1EC46B2200D24023 /* Products */,
			);
			sourceTree = "<group>";
		};
		FE13652C1EC46B2200D24023 /* Products */ = {
			isa = PBXGroup;
			children = (
				FE13652B1EC46B2200D24023 /* DestroyTheWorld!.app */,
			);
			name = Products;
			sourceTree = "<group>";
		};
		FE13652D1EC46B2200D24023 /* DestroyTheWorld! */ = {
			isa = PBXGroup;
			children = (
				FE13652E1EC46B2200D24023 /* AppDelegate.swift */,
				FE1365301EC46B2200D24023 /* ViewController.swift */,
				FE1365321EC46B2200D24023 /* Main.storyboard */,
				FE1365351EC46B2200D24023 /* Assets.xcassets */,
				FE1365371EC46B2200D24023 /* LaunchScreen.storyboard */,
				FE13653A1EC46B2200D24023 /* Info.plist */,
			);
			path = "DestroyTheWorld!";
			sourceTree = "<group>";
		};
/* End PBXGroup section */

/* Begin PBXNativeTarget section */
		FE13652A1EC46B2200D24023 /* DestroyTheWorld! */ = {
			isa = PBXNativeTarget;
			buildConfigurationList = FE13653D1EC46B2200D24023 /* Build configuration list for PBXNativeTarget "DestroyTheWorld!" */;
			buildPhases = (
				FE1365271EC46B2200D24023 /* Sources */,
				FE1365281EC46B2200D24023 /* Frameworks */,
				FE1365291EC46B2200D24023 /* Resources */,
			);
			buildRules = (
			);
			dependencies = (
			);
			name = "DestroyTheWorld!";
			productName = "DestroyTheWorld!";
			productReference = FE13652B1EC46B2200D24023 /* DestroyTheWorld!.app */;
			productType = "com.apple.product-type.application";
		};
/* End PBXNativeTarget section */

/* Begin PBXProject section */
		FE1365231EC46B2200D24023 /* Project object */ = {
			isa = PBXProject;
			attributes = {
				LastSwiftUpdateCheck = 0820;
				LastUpgradeCheck = 0820;
				ORGANIZATIONNAME = abc;
				TargetAttributes = {
					FE13652A1EC46B2200D24023 = {
						CreatedOnToolsVersion = 8.2.1;
						DevelopmentTeam = XNAPM23MCH;
						ProvisioningStyle = Automatic;
					};
				};
			};
			buildConfigurationList = FE1365261EC46B2200D24023 /* Build configuration list for PBXProject "DestroyTheWorld!" */;
			compatibilityVersion = "Xcode 3.2";
			developmentRegion = English;
			hasScannedForEncodings = 0;
			knownRegions = (
				en,
				Base,
			);
			mainGroup = FE1365221EC46B2200D24023;
			productRefGroup = FE13652C1EC46B2200D24023 /* Products */;
			projectDirPath = "";
			projectRoot = "";
			targets = (
				FE13652A1EC46B2200D24023 /* DestroyTheWorld! */,
			);
		};
/* End PBXProject section */

/* Begin PBXResourcesBuildPhase section */
		FE1365291EC46B2200D24023 /* Resources */ = {
			isa = PBXResourcesBuildPhase;
			buildActionMask = 2147483647;
			files = (
				FE1365391EC46B2200D24023 /* LaunchScreen.storyboard in Resources */,
				FE1365361EC46B2200D24023 /* Assets.xcassets in Resources */,
				FE1365341EC46B2200D24023 /* Main.storyboard in Resources */,
			);
			runOnlyForDeploymentPostprocessing = 0;
		};
/* End PBXResourcesBuildPhase section */

/* Begin PBXSourcesBuildPhase section */
		FE1365271EC46B2200D24023 /* Sources */ = {
			isa = PBXSourcesBuildPhase;
			buildActionMask = 2147483647;
			files = (
				FE1365311EC46B2200D24023 /* ViewController.swift in Sources */,
				FE13652F1EC46B2200D24023 /* AppDelegate.swift in Sources */,
			);
			runOnlyForDeploymentPostprocessing = 0;
		};
/* End PBXSourcesBuildPhase section */

/* Begin PBXVariantGroup section */
		FE1365321EC46B2200D24023 /* Main.storyboard */ = {
			isa = PBXVariantGroup;
			children = (
				FE1365331EC46B2200D24023 /* Base */,
			);
			name = Main.storyboard;
			sourceTree = "<group>";
		};
		FE1365371EC46B2200D24023 /* LaunchScreen.storyboard */ = {
			isa = PBXVariantGroup;
			children = (
				FE1365381EC46B2200D24023 /* Base */,
			);
			name = LaunchScreen.storyboard;
			sourceTree = "<group>";
		};
/* End PBXVariantGroup section */

/* Begin XCBuildConfiguration section */
		FE13653B1EC46B2200D24023 /* Debug */ = {
			isa = XCBuildConfiguration;
			buildSettings = {
				ALWAYS_SEARCH_USER_PATHS = NO;
				CLANG_ANALYZER_NONNULL = YES;
				CLANG_CXX_LANGUAGE_STANDARD = "gnu++0x";
				CLANG_CXX_LIBRARY = "libc++";
				CLANG_ENABLE_MODULES = YES;
				CLANG_ENABLE_OBJC_ARC = YES;
				CLANG_WARN_BOOL_CONVERSION = YES;
				CLANG_WARN_CONSTANT_CONVERSION = YES;
				CLANG_WARN_DIRECT_OBJC_ISA_USAGE = YES_ERROR;
				CLANG_WARN_DOCUMENTATION_COMMENTS = YES;
				CLANG_WARN_EMPTY_BODY = YES;
				CLANG_WARN_ENUM_CONVERSION = YES;
				CLANG_WARN_INFINITE_RECURSION = YES;
				CLANG_WARN_INT_CONVERSION = YES;
				CLANG_WARN_OBJC_ROOT_CLASS = YES_ERROR;
				CLANG_WARN_SUSPICIOUS_MOVE = YES;
				CLANG_WARN_UNREACHABLE_CODE = YES;
				CLANG_WARN__DUPLICATE_METHOD_MATCH = YES;
				"CODE_SIGN_IDENTITY[sdk=iphoneos*]" = "iPhone Developer";
				COPY_PHASE_STRIP = NO;
				DEBUG_INFORMATION_FORMAT = dwarf;
				ENABLE_STRICT_OBJC_MSGSEND = YES;
				ENABLE_TESTABILITY = YES;
				GCC_C_LANGUAGE_STANDARD = gnu99;
				GCC_DYNAMIC_NO_PIC = NO;
				GCC_NO_COMMON_BLOCKS = YES;
				GCC_OPTIMIZATION_LEVEL = 0;
				GCC_PREPROCESSOR_DEFINITIONS = (
					"DEBUG=1",
					"$(inherited)",
				);
				GCC_WARN_64_TO_32_BIT_CONVERSION = YES;
				GCC_WARN_ABOUT_RETURN_TYPE = YES_ERROR;
				GCC_WARN_UNDECLARED_SELECTOR = YES;
				GCC_WARN_UNINITIALIZED_AUTOS = YES_AGGRESSIVE;
				GCC_WARN_UNUSED_FUNCTION = YES;
				GCC_WARN_UNUSED_VARIABLE = YES;
				IPHONEOS_DEPLOYMENT_TARGET = 10.2;
				MTL_ENABLE_DEBUG_INFO = YES;
				ONLY_ACTIVE_ARCH = YES;
				SDKROOT = iphoneos;
				SWIFT_ACTIVE_COMPILATION_CONDITIONS = DEBUG;
				SWIFT_OPTIMIZATION_LEVEL = "-Onone";
			};
			name = Debug;
		};
		FE13653C1EC46B2200D24023 /* Release */ = {
			isa = XCBuildConfiguration;
			buildSettings = {
				ALWAYS_SEARCH_USER_PATHS = NO;
				CLANG_ANALYZER_NONNULL = YES;
				CLANG_CXX_LANGUAGE_STANDARD = "gnu++0x";
				CLANG_CXX_LIBRARY = "libc++";
				CLANG_ENABLE_MODULES = YES;
				CLANG_ENABLE_OBJC_ARC = YES;
				CLANG_WARN_BOOL_CONVERSION = YES;
				CLANG_WARN_CONSTANT_CONVERSION = YES;
				CLANG_WARN_DIRECT_OBJC_ISA_USAGE = YES_ERROR;
				CLANG_WARN_DOCUMENTATION_COMMENTS = YES;
				CLANG_WARN_EMPTY_BODY = YES;
				CLANG_WARN_ENUM_CONVERSION = YES;
				CLANG_WARN_INFINITE_RECURSION = YES;
				CLANG_WARN_INT_CONVERSION = YES;
				CLANG_WARN_OBJC_ROOT_CLASS = YES_ERROR;
				CLANG_WARN_SUSPICIOUS_MOVE = YES;
				CLANG_WARN_UNREACHABLE_CODE = YES;
				CLANG_WARN__DUPLICATE_METHOD_MATCH = YES;
				"CODE_SIGN_IDENTITY[sdk=iphoneos*]" = "iPhone Developer";
				COPY_PHASE_STRIP = NO;
				DEBUG_INFORMATION_FORMAT = "dwarf-with-dsym";
				ENABLE_NS_ASSERTIONS = NO;
				ENABLE_STRICT_OBJC_MSGSEND = YES;
				GCC_C_LANGUAGE_STANDARD = gnu99;
				GCC_NO_COMMON_BLOCKS = YES;
				GCC_WARN_64_TO_32_BIT_CONVERSION = YES;
				GCC_WARN_ABOUT_RETURN_TYPE = YES_ERROR;
				GCC_WARN_UNDECLARED_SELECTOR = YES;
				GCC_WARN_UNINITIALIZED_AUTOS = YES_AGGRESSIVE;
				GCC_WARN_UNUSED_FUNCTION = YES;
				GCC_WARN_UNUSED_VARIABLE = YES;
				IPHONEOS_DEPLOYMENT_TARGET = 10.2;
				MTL_ENABLE_DEBUG_INFO = NO;
				SDKROOT = iphoneos;
				SWIFT_OPTIMIZATION_LEVEL = "-Owholemodule";
				VALIDATE_PRODUCT = YES;
			};
			name = Release;
		};
		FE13653E1EC46B2200D24023 /* Debug */ = {
			isa = XCBuildConfiguration;
			buildSettings = {
				ASSETCATALOG_COMPILER_APPICON_NAME = AppIcon;
				DEVELOPMENT_TEAM = XNAPM23MCH;
				INFOPLIST_FILE = "DestroyTheWorld!/Info.plist";
				LD_RUNPATH_SEARCH_PATHS = "$(inherited) @executable_path/Frameworks";
				PRODUCT_BUNDLE_IDENTIFIER = "abc.def.DestroyTheWorld-";
				PRODUCT_NAME = "$(TARGET_NAME)";
				SWIFT_VERSION = 3.0;
			};
			name = Debug;
		};
		FE13653F1EC46B2200D24023 /* Release */ = {
			isa = XCBuildConfiguration;
			buildSettings = {
				ASSETCATALOG_COMPILER_APPICON_NAME = AppIcon;
				DEVELOPMENT_TEAM = XNAPM23MCH;
				INFOPLIST_FILE = "DestroyTheWorld!/Info.plist";
				LD_RUNPATH_SEARCH_PATHS = "$(inherited) @executable_path/Frameworks";
				PRODUCT_BUNDLE_IDENTIFIER = "abc.def.DestroyTheWorld-";
				PRODUCT_NAME = "$(TARGET_NAME)";
				SWIFT_VERSION = 3.0;
			};
			name = Release;
		};
/* End XCBuildConfiguration section */

/* Begin XCConfigurationList section */
		FE1365261EC46B2200D24023 /* Build configuration list for PBXProject "DestroyTheWorld!" */ = {
			isa = XCConfigurationList;
			buildConfigurations = (
				FE13653B1EC46B2200D24023 /* Debug */,
				FE13653C1EC46B2200D24023 /* Release */,
			);
			defaultConfigurationIsVisible = 0;
			defaultConfigurationName = Release;
		};
		FE13653D1EC46B2200D24023 /* Build configuration list for PBXNativeTarget "DestroyTheWorld!" */ = {
			isa = XCConfigurationList;
			buildConfigurations = (
				FE13653E1EC46B2200D24023 /* Debug */,
				FE13653F1EC46B2200D24023 /* Release */,
			);
			defaultConfigurationIsVisible = 0;
		};
/* End XCConfigurationList section */
	};
	rootObject = FE1365231EC46B2200D24023 /* Project object */;
}
